<?xml version="1.0" encoding="utf-8"?>
<Project ToolsVersion="4.0" xmlns="http://schemas.microsoft.com/developer/msbuild/2003">
  <ItemGroup>
    <Filter Include="Assets">
      <UniqueIdentifier>8bea48a2-8ce2-44f2-963d-1d6dbe23a64e</UniqueIdentifier>
      <Extensions>ico;cur;bmp;dds;dlg;fbx;rct;bin;rgs;gif;jpg;jpeg;jpe;resx;tga;tiff;tif;png;wav;mfcribbon-ms</Extensions>
    </Filter>
    <Filter Include="Resources">
      <UniqueIdentifier>{27f94a3b-74bf-4d17-a758-c01acb91b018}</UniqueIdentifier>
    </Filter>
  </ItemGroup>
  <ItemGroup>
    <ClInclude Include="pch.h" />
    <ClInclude Include="Game.h" />
    <ClInclude Include="StepTimer.h" />
    <ClInclude Include="RenderTexture.h" />
    <ClInclude Include="Camera.h" />
    <ClInclude Include="Texture2D.h" />
    <ClInclude Include="ContentManager.h" />
    <ClInclude Include="Pseudo3DCamera.h" />
    <ClInclude Include="Terrain.h" />
    <ClInclude Include="ReadData.h" />
    <ClInclude Include="GameObject.h" />
    <ClInclude Include="GameComponent.h" />
    <ClInclude Include="Player.h" />
    <ClInclude Include="InputManager.h" />
    <ClInclude Include="SpriteRenderer.h" />
    <ClInclude Include="Transform.h" />
    <ClInclude Include="ObjectsGenerator.h" />
    <ClInclude Include="ObjectTranslator.h" />
  </ItemGroup>
  <ItemGroup>
    <ClCompile Include="pch.cpp" />
    <ClCompile Include="Game.cpp" />
    <ClCompile Include="Main.cpp" />
    <ClCompile Include="RenderTexture.cpp" />
    <ClCompile Include="Camera.cpp" />
    <ClCompile Include="Texture2D.cpp" />
    <ClCompile Include="ContentManager.cpp" />
    <ClCompile Include="Pseudo3DCamera.cpp" />
    <ClCompile Include="Terrain.cpp" />
    <ClCompile Include="GameObject.cpp" />
    <ClCompile Include="GameComponent.cpp" />
    <ClCompile Include="Player.cpp" />
    <ClCompile Include="InputManager.cpp" />
    <ClCompile Include="SpriteRenderer.cpp" />
    <ClCompile Include="Transform.cpp" />
    <ClCompile Include="ObjectsGenerator.cpp" />
    <ClCompile Include="ObjectTranslator.cpp" />
  </ItemGroup>
  <ItemGroup>
    <ResourceCompile Include="resource.rc" />
  </ItemGroup>
  <ItemGroup>
    <Image Include="directx.ico">
      <Filter>Assets</Filter>
    </Image>
    <Image Include="Resources\Cat.png">
      <Filter>Resources</Filter>
    </Image>
    <Image Include="Resources\Car.png">
      <Filter>Resources</Filter>
    </Image>
    <Image Include="Resources\Palm.png">
      <Filter>Resources</Filter>
    </Image>
  </ItemGroup>
  <ItemGroup>
    <Manifest Include="settings.manifest">
      <Filter>Assets</Filter>
    </Manifest>
  </ItemGroup>
  <ItemGroup>
    <FxCompile Include="TerrainPixelShader.hlsl" />
  </ItemGroup>
</Project>